{
    "_readme": [
        "This file locks the dependencies of your project to a known state",
        "Read more about it at https://getcomposer.org/doc/01-basic-usage.md#composer-lock-the-lock-file",
        "This file is @generated automatically"
    ],
    "hash": "44a152ce6a5de0943e95fa03f6874536",
    "content-hash": "85cfadf2fb90abfa6634caab763b27e8",
    "packages": [
        {
            "name": "container-interop/container-interop",
            "version": "1.1.0",
            "source": {
                "type": "git",
                "url": "https://github.com/container-interop/container-interop.git",
                "reference": "fc08354828f8fd3245f77a66b9e23a6bca48297e"
            },
            "dist": {
                "type": "zip",
                "url": "https://api.github.com/repos/container-interop/container-interop/zipball/fc08354828f8fd3245f77a66b9e23a6bca48297e",
                "reference": "fc08354828f8fd3245f77a66b9e23a6bca48297e",
                "shasum": ""
            },
            "type": "library",
            "autoload": {
                "psr-4": {
                    "Interop\\Container\\": "src/Interop/Container/"
                }
            },
            "notification-url": "https://packagist.org/downloads/",
            "license": [
                "MIT"
            ],
            "description": "Promoting the interoperability of container objects (DIC, SL, etc.)",
            "time": "2014-12-30 15:22:37"
        },
        {
            "name": "erusev/parsedown",
            "version": "1.6.0",
            "source": {
                "type": "git",
                "url": "https://github.com/erusev/parsedown.git",
                "reference": "3ebbd730b5c2cf5ce78bc1bf64071407fc6674b7"
            },
            "dist": {
                "type": "zip",
                "url": "https://api.github.com/repos/erusev/parsedown/zipball/3ebbd730b5c2cf5ce78bc1bf64071407fc6674b7",
                "reference": "3ebbd730b5c2cf5ce78bc1bf64071407fc6674b7",
                "shasum": ""
            },
            "type": "library",
            "autoload": {
                "psr-0": {
                    "Parsedown": ""
                }
            },
            "notification-url": "https://packagist.org/downloads/",
            "license": [
                "MIT"
            ],
            "authors": [
                {
                    "name": "Emanuil Rusev",
                    "email": "hello@erusev.com",
                    "homepage": "http://erusev.com"
                }
            ],
            "description": "Parser for Markdown.",
            "homepage": "http://parsedown.org",
            "keywords": [
                "markdown",
                "parser"
            ],
            "time": "2015-10-04 16:44:32"
        },
        {
            "name": "frameworks/jquery",
            "version": "2.1.4",
            "source": {
                "type": "git",
                "url": "https://github.com/frameworks/jquery.git",
                "reference": "ef9c4fe9fcb23914bba6ec6d32c556e4a38a0fd9"
            },
            "dist": {
                "type": "zip",
                "url": "https://api.github.com/repos/frameworks/jquery/zipball/ef9c4fe9fcb23914bba6ec6d32c556e4a38a0fd9",
                "reference": "ef9c4fe9fcb23914bba6ec6d32c556e4a38a0fd9",
                "shasum": ""
            },
            "type": "library",
            "notification-url": "https://packagist.org/downloads/",
            "license": [
                "MIT"
            ],
            "description": "jQuery JavaScript Library",
            "homepage": "http://jquery.com",
            "time": "2015-10-09 00:55:51"
        },
        {
            "name": "nikic/fast-route",
            "version": "v1.0.0",
            "source": {
                "type": "git",
                "url": "https://github.com/nikic/FastRoute.git",
                "reference": "79843dce62ac52e9b628e73d5f1264cad10c65a6"
            },
            "dist": {
                "type": "zip",
                "url": "https://api.github.com/repos/nikic/FastRoute/zipball/79843dce62ac52e9b628e73d5f1264cad10c65a6",
                "reference": "79843dce62ac52e9b628e73d5f1264cad10c65a6",
                "shasum": ""
            },
            "require": {
                "php": ">=5.4.0"
            },
            "type": "library",
            "autoload": {
                "psr-4": {
                    "FastRoute\\": "src/"
                },
                "files": [
                    "src/functions.php"
                ]
            },
            "notification-url": "https://packagist.org/downloads/",
            "license": [
                "BSD-3-Clause"
            ],
            "authors": [
                {
                    "name": "Nikita Popov",
                    "email": "nikic@php.net"
                }
            ],
            "description": "Fast request router for PHP",
            "keywords": [
                "router",
                "routing"
            ],
            "time": "2016-04-18 11:33:20"
        },
        {
            "name": "pimple/pimple",
            "version": "v3.0.2",
            "source": {
                "type": "git",
                "url": "https://github.com/silexphp/Pimple.git",
                "reference": "a30f7d6e57565a2e1a316e1baf2a483f788b258a"
            },
            "dist": {
                "type": "zip",
                "url": "https://api.github.com/repos/silexphp/Pimple/zipball/a30f7d6e57565a2e1a316e1baf2a483f788b258a",
                "reference": "a30f7d6e57565a2e1a316e1baf2a483f788b258a",
                "shasum": ""
            },
            "require": {
                "php": ">=5.3.0"
            },
            "type": "library",
            "extra": {
                "branch-alias": {
                    "dev-master": "3.0.x-dev"
                }
            },
            "autoload": {
                "psr-0": {
                    "Pimple": "src/"
                }
            },
            "notification-url": "https://packagist.org/downloads/",
            "license": [
                "MIT"
            ],
            "authors": [
                {
                    "name": "Fabien Potencier",
                    "email": "fabien@symfony.com"
                }
            ],
            "description": "Pimple, a simple Dependency Injection Container",
            "homepage": "http://pimple.sensiolabs.org",
            "keywords": [
                "container",
                "dependency injection"
            ],
            "time": "2015-09-11 15:10:35"
        },
        {
            "name": "psr/http-message",
            "version": "1.0",
            "source": {
                "type": "git",
                "url": "https://github.com/php-fig/http-message.git",
                "reference": "85d63699f0dbedb190bbd4b0d2b9dc707ea4c298"
            },
            "dist": {
                "type": "zip",
                "url": "https://api.github.com/repos/php-fig/http-message/zipball/85d63699f0dbedb190bbd4b0d2b9dc707ea4c298",
                "reference": "85d63699f0dbedb190bbd4b0d2b9dc707ea4c298",
                "shasum": ""
            },
            "require": {
                "php": ">=5.3.0"
            },
            "type": "library",
            "extra": {
                "branch-alias": {
                    "dev-master": "1.0.x-dev"
                }
            },
            "autoload": {
                "psr-4": {
                    "Psr\\Http\\Message\\": "src/"
                }
            },
            "notification-url": "https://packagist.org/downloads/",
            "license": [
                "MIT"
            ],
            "authors": [
                {
                    "name": "PHP-FIG",
                    "homepage": "http://www.php-fig.org/"
                }
            ],
            "description": "Common interface for HTTP messages",
            "keywords": [
                "http",
                "http-message",
                "psr",
                "psr-7",
                "request",
                "response"
            ],
            "time": "2015-05-04 20:22:00"
        },
        {
            "name": "slim/php-view",
            "version": "2.1.0",
            "source": {
                "type": "git",
                "url": "https://github.com/slimphp/PHP-View.git",
                "reference": "8bae5b10d10c51596ef8d8113b3b63678718adcb"
            },
            "dist": {
                "type": "zip",
                "url": "https://api.github.com/repos/slimphp/PHP-View/zipball/8bae5b10d10c51596ef8d8113b3b63678718adcb",
                "reference": "8bae5b10d10c51596ef8d8113b3b63678718adcb",
                "shasum": ""
            },
            "require": {
                "psr/http-message": "^1.0"
            },
            "require-dev": {
                "phpunit/phpunit": "^5.0",
                "slim/slim": "^3.0"
            },
            "type": "library",
            "autoload": {
                "psr-4": {
                    "Slim\\Views\\": "src"
                }
            },
            "notification-url": "https://packagist.org/downloads/",
            "license": [
                "MIT"
            ],
            "authors": [
                {
                    "name": "Glenn Eggleton",
                    "email": "geggleto@gmail.com"
                }
            ],
            "description": "Render PHP view scripts into a PSR-7 Response object.",
            "keywords": [
                "framework",
                "php",
                "phtml",
                "renderer",
                "slim",
                "template",
                "view"
            ],
            "time": "2016-03-04 09:48:50"
        },
        {
            "name": "slim/slim",
            "version": "3.4.2",
            "source": {
                "type": "git",
                "url": "https://github.com/slimphp/Slim.git",
                "reference": "a132385f736063d00632b52b3f8a389fe66fe4fa"
            },
            "dist": {
                "type": "zip",
                "url": "https://api.github.com/repos/slimphp/Slim/zipball/a132385f736063d00632b52b3f8a389fe66fe4fa",
                "reference": "a132385f736063d00632b52b3f8a389fe66fe4fa",
                "shasum": ""
            },
            "require": {
                "container-interop/container-interop": "^1.1",
                "nikic/fast-route": "^1.0",
                "php": ">=5.5.0",
                "pimple/pimple": "^3.0",
                "psr/http-message": "^1.0"
            },
            "provide": {
                "psr/http-message-implementation": "1.0"
            },
            "require-dev": {
                "phpunit/phpunit": "^4.0",
                "squizlabs/php_codesniffer": "^2.5"
            },
            "type": "library",
            "autoload": {
                "psr-4": {
                    "Slim\\": "Slim"
                }
            },
            "notification-url": "https://packagist.org/downloads/",
            "license": [
                "MIT"
            ],
            "authors": [
                {
                    "name": "Rob Allen",
                    "email": "rob@akrabat.com",
                    "homepage": "http://akrabat.com"
                },
                {
                    "name": "Josh Lockhart",
                    "email": "hello@joshlockhart.com",
                    "homepage": "https://joshlockhart.com"
                },
                {
                    "name": "Gabriel Manricks",
                    "email": "gmanricks@me.com",
                    "homepage": "http://gabrielmanricks.com"
                },
                {
                    "name": "Andrew Smith",
                    "email": "a.smith@silentworks.co.uk",
                    "homepage": "http://silentworks.co.uk"
                }
            ],
            "description": "Slim is a PHP micro framework that helps you quickly write simple yet powerful web applications and APIs",
            "homepage": "http://slimframework.com",
            "keywords": [
                "api",
                "framework",
                "micro",
                "router"
            ],
            "time": "2016-05-25 11:23:38"
        },
        {
            "name": "symfony/console",
            "version": "v3.0.6",
            "source": {
                "type": "git",
                "url": "https://github.com/symfony/console.git",
                "reference": "34a214710e0714b6efcf40ba3cd1e31373a97820"
            },
            "dist": {
                "type": "zip",
                "url": "https://api.github.com/repos/symfony/console/zipball/34a214710e0714b6efcf40ba3cd1e31373a97820",
                "reference": "34a214710e0714b6efcf40ba3cd1e31373a97820",
                "shasum": ""
            },
            "require": {
                "php": ">=5.5.9",
                "symfony/polyfill-mbstring": "~1.0"
            },
            "require-dev": {
                "psr/log": "~1.0",
                "symfony/event-dispatcher": "~2.8|~3.0",
                "symfony/process": "~2.8|~3.0"
            },
            "suggest": {
                "psr/log": "For using the console logger",
                "symfony/event-dispatcher": "",
                "symfony/process": ""
            },
            "type": "library",
            "extra": {
                "branch-alias": {
                    "dev-master": "3.0-dev"
                }
            },
            "autoload": {
                "psr-4": {
                    "Symfony\\Component\\Console\\": ""
                },
                "exclude-from-classmap": [
                    "/Tests/"
                ]
            },
            "notification-url": "https://packagist.org/downloads/",
            "license": [
                "MIT"
            ],
            "authors": [
                {
                    "name": "Fabien Potencier",
                    "email": "fabien@symfony.com"
                },
                {
                    "name": "Symfony Community",
                    "homepage": "https://symfony.com/contributors"
                }
            ],
            "description": "Symfony Console Component",
            "homepage": "https://symfony.com",
            "time": "2016-04-28 09:48:42"
        },
        {
            "name": "symfony/polyfill-mbstring",
            "version": "v1.2.0",
            "source": {
                "type": "git",
                "url": "https://github.com/symfony/polyfill-mbstring.git",
                "reference": "dff51f72b0706335131b00a7f49606168c582594"
            },
            "dist": {
                "type": "zip",
                "url": "https://api.github.com/repos/symfony/polyfill-mbstring/zipball/dff51f72b0706335131b00a7f49606168c582594",
                "reference": "dff51f72b0706335131b00a7f49606168c582594",
                "shasum": ""
            },
            "require": {
                "php": ">=5.3.3"
            },
            "suggest": {
                "ext-mbstring": "For best performance"
            },
            "type": "library",
            "extra": {
                "branch-alias": {
                    "dev-master": "1.2-dev"
                }
            },
            "autoload": {
                "psr-4": {
                    "Symfony\\Polyfill\\Mbstring\\": ""
                },
                "files": [
                    "bootstrap.php"
                ]
            },
            "notification-url": "https://packagist.org/downloads/",
            "license": [
                "MIT"
            ],
            "authors": [
                {
                    "name": "Nicolas Grekas",
                    "email": "p@tchwork.com"
                },
                {
                    "name": "Symfony Community",
                    "homepage": "https://symfony.com/contributors"
                }
            ],
            "description": "Symfony polyfill for the Mbstring extension",
            "homepage": "https://symfony.com",
            "keywords": [
                "compatibility",
                "mbstring",
                "polyfill",
                "portable",
                "shim"
            ],
            "time": "2016-05-18 14:26:46"
        },
        {
            "name": "twbs/bootstrap",
            "version": "v3.3.6",
            "source": {
                "type": "git",
                "url": "https://github.com/twbs/bootstrap.git",
                "reference": "81df608a40bf0629a1dc08e584849bb1e43e0b7a"
            },
            "dist": {
                "type": "zip",
                "url": "https://api.github.com/repos/twbs/bootstrap/zipball/81df608a40bf0629a1dc08e584849bb1e43e0b7a",
                "reference": "81df608a40bf0629a1dc08e584849bb1e43e0b7a",
                "shasum": ""
            },
            "replace": {
                "twitter/bootstrap": "self.version"
            },
            "type": "library",
            "extra": {
                "branch-alias": {
                    "dev-master": "3.3.x-dev"
                }
            },
            "notification-url": "https://packagist.org/downloads/",
            "license": [
                "MIT"
            ],
            "authors": [
                {
                    "name": "Jacob Thornton",
                    "email": "jacobthornton@gmail.com"
                },
                {
                    "name": "Mark Otto",
                    "email": "markdotto@gmail.com"
                }
            ],
            "description": "The most popular front-end framework for developing responsive, mobile first projects on the web.",
            "homepage": "http://getbootstrap.com",
            "keywords": [
                "JS",
                "css",
                "framework",
                "front-end",
                "less",
                "mobile-first",
                "responsive",
                "web"
            ],
            "time": "2015-11-24 19:37:05"
        },
        {
            "name": "wpreadme2markdown/wpreadme2markdown",
            "version": "dev-master",
            "source": {
                "type": "git",
                "url": "https://github.com/wpreadme2markdown/wp-readme-to-markdown.git",
                "reference": "a55dd67952a606fff752eca61df5a3bf14c86651"
            },
            "dist": {
                "type": "zip",
                "url": "https://api.github.com/repos/wpreadme2markdown/wp-readme-to-markdown/zipball/a55dd67952a606fff752eca61df5a3bf14c86651",
                "reference": "a55dd67952a606fff752eca61df5a3bf14c86651",
                "shasum": ""
            },
            "require": {
                "php": ">= 5.3.3",
                "symfony/console": "~2.4|~3.0"
            },
            "require-dev": {
                "indeyets/pake": "~1.99"
            },
            "bin": [
                "bin/wp2md"
            ],
            "type": "library",
            "autoload": {
                "psr-4": {
                    "WPReadme2Markdown\\": "src/"
                }
            },
            "notification-url": "https://packagist.org/downloads/",
            "license": [
                "MIT"
            ],
            "authors": [
                {
                    "name": "Christian Archer",
                    "email": "chrstnarchr@aol.com"
                },
                {
                    "name": "Benjamin J. Balter"
                }
            ],
            "description": "Convert WordPress Plugin readme.txt to Markdown",
            "keywords": [
                "converter",
                "markdown",
                "readme",
                "wordpress"
            ],
            "time": "2016-05-29 16:36:03"
        }
    ],
    "packages-dev": [
        {
            "name": "sllh/composer-versions-check",
            "version": "v2.0.2",
            "source": {
                "type": "git",
                "url": "https://github.com/Soullivaneuh/composer-versions-check.git",
                "reference": "4810ab669723609a74bbf6c515d1aac2bd6562d3"
            },
            "dist": {
                "type": "zip",
                "url": "https://api.github.com/repos/Soullivaneuh/composer-versions-check/zipball/4810ab669723609a74bbf6c515d1aac2bd6562d3",
                "reference": "4810ab669723609a74bbf6c515d1aac2bd6562d3",
                "shasum": ""
            },
            "require": {
                "composer-plugin-api": "^1.0",
                "php": "^5.3 || ^7.0"
            },
            "require-dev": {
                "composer/composer": "^1.0",
                "sllh/php-cs-fixer-styleci-bridge": "^2.0",
                "symfony/phpunit-bridge": "^2.7.4|^3.0"
            },
            "type": "composer-plugin",
            "extra": {
                "class": "SLLH\\ComposerVersionsCheck\\VersionsCheckPlugin",
                "branch-alias": {
                    "dev-master": "2.x-dev"
                }
            },
            "autoload": {
                "psr-4": {
                    "SLLH\\ComposerVersionsCheck\\": "src/"
                }
            },
            "notification-url": "https://packagist.org/downloads/",
            "license": [
                "MIT"
            ],
            "authors": [
                {
                    "name": "Sullivan SENECHAL",
                    "email": "soullivaneuh@gmail.com"
                }
            ],
            "description": "Checks if packages are up to date to last major versions after update",
            "keywords": [
                "composer",
                "plugin",
                "update",
                "versions"
            ],
            "time": "2016-04-29 17:38:05"
        }
    ],
    "aliases": [],
    "minimum-stability": "stable",
    "stability-flags": {
        "wpreadme2markdown/wpreadme2markdown": 20
    },
    "prefer-stable": false,
    "prefer-lowest": false,
    "platform": {
        "php": ">= 5.6.0"
    },
    "platform-dev": []
}
